
Microsoft Visual Studio Solution File, Format Version 12.00
Project("{2150E333-8FDC-42A3-9474-1A3956D46DE8}") = "Common", "Common", "{532A7CF8-0BCC-4838-B533-5B91272DD9BC}"
EndProject
Project("{FAE04EC0-301F-11D3-BF4B-00C04F79EFBC}") = "Common.Application", "Common.Application\Common.Application.csproj", "{39355D82-FE8F-429F-81AC-515B0540F44A}"
EndProject
Project("{FAE04EC0-301F-11D3-BF4B-00C04F79EFBC}") = "Common.Domain", "Common.Domain\Common.Domain.csproj", "{9CAC52CB-C734-4509-B459-D1EE9351F999}"
EndProject
Project("{FAE04EC0-301F-11D3-BF4B-00C04F79EFBC}") = "Common.Infrastructure", "Common.Infrastructure\Common.Infrastructure.csproj", "{208D5FAF-5A3D-4ADA-88AB-1DA7FD1B9DA2}"
EndProject
Project("{2150E333-8FDC-42A3-9474-1A3956D46DE8}") = "Core", "Core", "{84E3E9AA-BC5E-448C-8AD1-9624E67CDBDC}"
EndProject
Project("{FAE04EC0-301F-11D3-BF4B-00C04F79EFBC}") = "Core.Application", "Core.Application\Core.Application.csproj", "{859BA0F3-E988-4179-89D3-BA8085A3100D}"
EndProject
Project("{FAE04EC0-301F-11D3-BF4B-00C04F79EFBC}") = "Core.Domain", "Core.Domain\Core.Domain.csproj", "{215673A5-ACA9-4A64-AF14-6834C6B9FA14}"
EndProject
Project("{FAE04EC0-301F-11D3-BF4B-00C04F79EFBC}") = "Core.Infrastructure", "Core.Infrastructure\Core.Infrastructure.csproj", "{74E7D285-36B6-44EB-BC56-A076F500AABE}"
EndProject
Project("{FAE04EC0-301F-11D3-BF4B-00C04F79EFBC}") = "Presentation", "Presentation\Presentation.csproj", "{16C98437-F816-461E-A386-90800E0ABE9A}"
EndProject
Global
	GlobalSection(SolutionConfigurationPlatforms) = preSolution
		Debug|Any CPU = Debug|Any CPU
		Release|Any CPU = Release|Any CPU
	EndGlobalSection
	GlobalSection(NestedProjects) = preSolution
		{39355D82-FE8F-429F-81AC-515B0540F44A} = {532A7CF8-0BCC-4838-B533-5B91272DD9BC}
		{9CAC52CB-C734-4509-B459-D1EE9351F999} = {532A7CF8-0BCC-4838-B533-5B91272DD9BC}
		{208D5FAF-5A3D-4ADA-88AB-1DA7FD1B9DA2} = {532A7CF8-0BCC-4838-B533-5B91272DD9BC}
		{859BA0F3-E988-4179-89D3-BA8085A3100D} = {84E3E9AA-BC5E-448C-8AD1-9624E67CDBDC}
		{215673A5-ACA9-4A64-AF14-6834C6B9FA14} = {84E3E9AA-BC5E-448C-8AD1-9624E67CDBDC}
		{74E7D285-36B6-44EB-BC56-A076F500AABE} = {84E3E9AA-BC5E-448C-8AD1-9624E67CDBDC}
	EndGlobalSection
	GlobalSection(ProjectConfigurationPlatforms) = postSolution
		{39355D82-FE8F-429F-81AC-515B0540F44A}.Debug|Any CPU.ActiveCfg = Debug|Any CPU
		{39355D82-FE8F-429F-81AC-515B0540F44A}.Debug|Any CPU.Build.0 = Debug|Any CPU
		{39355D82-FE8F-429F-81AC-515B0540F44A}.Release|Any CPU.ActiveCfg = Release|Any CPU
		{39355D82-FE8F-429F-81AC-515B0540F44A}.Release|Any CPU.Build.0 = Release|Any CPU
		{9CAC52CB-C734-4509-B459-D1EE9351F999}.Debug|Any CPU.ActiveCfg = Debug|Any CPU
		{9CAC52CB-C734-4509-B459-D1EE9351F999}.Debug|Any CPU.Build.0 = Debug|Any CPU
		{9CAC52CB-C734-4509-B459-D1EE9351F999}.Release|Any CPU.ActiveCfg = Release|Any CPU
		{9CAC52CB-C734-4509-B459-D1EE9351F999}.Release|Any CPU.Build.0 = Release|Any CPU
		{208D5FAF-5A3D-4ADA-88AB-1DA7FD1B9DA2}.Debug|Any CPU.ActiveCfg = Debug|Any CPU
		{208D5FAF-5A3D-4ADA-88AB-1DA7FD1B9DA2}.Debug|Any CPU.Build.0 = Debug|Any CPU
		{208D5FAF-5A3D-4ADA-88AB-1DA7FD1B9DA2}.Release|Any CPU.ActiveCfg = Release|Any CPU
		{208D5FAF-5A3D-4ADA-88AB-1DA7FD1B9DA2}.Release|Any CPU.Build.0 = Release|Any CPU
		{859BA0F3-E988-4179-89D3-BA8085A3100D}.Debug|Any CPU.ActiveCfg = Debug|Any CPU
		{859BA0F3-E988-4179-89D3-BA8085A3100D}.Debug|Any CPU.Build.0 = Debug|Any CPU
		{859BA0F3-E988-4179-89D3-BA8085A3100D}.Release|Any CPU.ActiveCfg = Release|Any CPU
		{859BA0F3-E988-4179-89D3-BA8085A3100D}.Release|Any CPU.Build.0 = Release|Any CPU
		{215673A5-ACA9-4A64-AF14-6834C6B9FA14}.Debug|Any CPU.ActiveCfg = Debug|Any CPU
		{215673A5-ACA9-4A64-AF14-6834C6B9FA14}.Debug|Any CPU.Build.0 = Debug|Any CPU
		{215673A5-ACA9-4A64-AF14-6834C6B9FA14}.Release|Any CPU.ActiveCfg = Release|Any CPU
		{215673A5-ACA9-4A64-AF14-6834C6B9FA14}.Release|Any CPU.Build.0 = Release|Any CPU
		{74E7D285-36B6-44EB-BC56-A076F500AABE}.Debug|Any CPU.ActiveCfg = Debug|Any CPU
		{74E7D285-36B6-44EB-BC56-A076F500AABE}.Debug|Any CPU.Build.0 = Debug|Any CPU
		{74E7D285-36B6-44EB-BC56-A076F500AABE}.Release|Any CPU.ActiveCfg = Release|Any CPU
		{74E7D285-36B6-44EB-BC56-A076F500AABE}.Release|Any CPU.Build.0 = Release|Any CPU
		{16C98437-F816-461E-A386-90800E0ABE9A}.Debug|Any CPU.ActiveCfg = Debug|Any CPU
		{16C98437-F816-461E-A386-90800E0ABE9A}.Debug|Any CPU.Build.0 = Debug|Any CPU
		{16C98437-F816-461E-A386-90800E0ABE9A}.Release|Any CPU.ActiveCfg = Release|Any CPU
		{16C98437-F816-461E-A386-90800E0ABE9A}.Release|Any CPU.Build.0 = Release|Any CPU
	EndGlobalSection
EndGlobal
